// !$*UTF8*$!
{
	archiveVersion = 1;
	classes = {
	};
	objectVersion = 46;
	objects = {

/* Begin PBXBuildFile section */
		FB10CB4B191CD2EF00D30C0C /* Foundation.framework in Frameworks */ = {isa = PBXBuildFile; fileRef = FB10CB4A191CD2EF00D30C0C /* Foundation.framework */; };
		FB10CB4D191CD2EF00D30C0C /* CoreGraphics.framework in Frameworks */ = {isa = PBXBuildFile; fileRef = FB10CB4C191CD2EF00D30C0C /* CoreGraphics.framework */; };
		FB10CB4F191CD2EF00D30C0C /* UIKit.framework in Frameworks */ = {isa = PBXBuildFile; fileRef = FB10CB4E191CD2EF00D30C0C /* UIKit.framework */; };
		FB10CB55191CD2EF00D30C0C /* InfoPlist.strings in Resources */ = {isa = PBXBuildFile; fileRef = FB10CB53191CD2EF00D30C0C /* InfoPlist.strings */; };
		FB10CB57191CD2EF00D30C0C /* main.m in Sources */ = {isa = PBXBuildFile; fileRef = FB10CB56191CD2EF00D30C0C /* main.m */; };
		FB10CB5B191CD2EF00D30C0C /* DDAppDelegate.m in Sources */ = {isa = PBXBuildFile; fileRef = FB10CB5A191CD2EF00D30C0C /* DDAppDelegate.m */; };
		FB10CB5E191CD2EF00D30C0C /* Main.storyboard in Resources */ = {isa = PBXBuildFile; fileRef = FB10CB5C191CD2EF00D30C0C /* Main.storyboard */; };
		FB10CB63191CD2EF00D30C0C /* Images.xcassets in Resources */ = {isa = PBXBuildFile; fileRef = FB10CB62191CD2EF00D30C0C /* Images.xcassets */; };
		FB10CB6A191CD2EF00D30C0C /* XCTest.framework in Frameworks */ = {isa = PBXBuildFile; fileRef = FB10CB69191CD2EF00D30C0C /* XCTest.framework */; };
		FB10CB6B191CD2EF00D30C0C /* Foundation.framework in Frameworks */ = {isa = PBXBuildFile; fileRef = FB10CB4A191CD2EF00D30C0C /* Foundation.framework */; };
		FB10CB6C191CD2EF00D30C0C /* UIKit.framework in Frameworks */ = {isa = PBXBuildFile; fileRef = FB10CB4E191CD2EF00D30C0C /* UIKit.framework */; };
		FB10CB74191CD2EF00D30C0C /* InfoPlist.strings in Resources */ = {isa = PBXBuildFile; fileRef = FB10CB72191CD2EF00D30C0C /* InfoPlist.strings */; };
		FB10CB76191CD2EF00D30C0C /* UITableView_ChallengeTests.m in Sources */ = {isa = PBXBuildFile; fileRef = FB10CB75191CD2EF00D30C0C /* UITableView_ChallengeTests.m */; };
		FB10CB81191CD32400D30C0C /* DDTableViewChallengeController.m in Sources */ = {isa = PBXBuildFile; fileRef = FB10CB80191CD32400D30C0C /* DDTableViewChallengeController.m */; };
/* End PBXBuildFile section */

/* Begin PBXContainerItemProxy section */
		FB10CB6D191CD2EF00D30C0C /* PBXContainerItemProxy */ = {
			isa = PBXContainerItemProxy;
			containerPortal = FB10CB3F191CD2EF00D30C0C /* Project object */;
			proxyType = 1;
			remoteGlobalIDString = FB10CB46191CD2EF00D30C0C;
			remoteInfo = "UITableView Challenge";
		};
/* End PBXContainerItemProxy section */

/* Begin PBXFileReference section */
		FB10CB47191CD2EF00D30C0C /* UITableView Challenge.app */ = {isa = PBXFileReference; explicitFileType = wrapper.application; includeInIndex = 0; path = "UITableView Challenge.app"; sourceTree = BUILT_PRODUCTS_DIR; };
		FB10CB4A191CD2EF00D30C0C /* Foundation.framework */ = {isa = PBXFileReference; lastKnownFileType = wrapper.framework; name = Foundation.framework; path = System/Library/Frameworks/Foundation.framework; sourceTree = SDKROOT; };
		FB10CB4C191CD2EF00D30C0C /* CoreGraphics.framework */ = {isa = PBXFileReference; lastKnownFileType = wrapper.framework; name = CoreGraphics.framework; path = System/Library/Frameworks/CoreGraphics.framework; sourceTree = SDKROOT; };
		FB10CB4E191CD2EF00D30C0C /* UIKit.framework */ = {isa = PBXFileReference; lastKnownFileType = wrapper.framework; name = UIKit.framework; path = System/Library/Frameworks/UIKit.framework; sourceTree = SDKROOT; };
		FB10CB52191CD2EF00D30C0C /* UITableView Challenge-Info.plist */ = {isa = PBXFileReference; lastKnownFileType = text.plist.xml; path = "UITableView Challenge-Info.plist"; sourceTree = "<group>"; };
		FB10CB54191CD2EF00D30C0C /* en */ = {isa = PBXFileReference; lastKnownFileType = text.plist.strings; name = en; path = en.lproj/InfoPlist.strings; sourceTree = "<group>"; };
		FB10CB56191CD2EF00D30C0C /* main.m */ = {isa = PBXFileReference; lastKnownFileType = sourcecode.c.objc; path = main.m; sourceTree = "<group>"; };
		FB10CB58191CD2EF00D30C0C /* UITableView Challenge-Prefix.pch */ = {isa = PBXFileReference; lastKnownFileType = sourcecode.c.h; path = "UITableView Challenge-Prefix.pch"; sourceTree = "<group>"; };
		FB10CB59191CD2EF00D30C0C /* DDAppDelegate.h */ = {isa = PBXFileReference; lastKnownFileType = sourcecode.c.h; path = DDAppDelegate.h; sourceTree = "<group>"; };
		FB10CB5A191CD2EF00D30C0C /* DDAppDelegate.m */ = {isa = PBXFileReference; lastKnownFileType = sourcecode.c.objc; path = DDAppDelegate.m; sourceTree = "<group>"; };
		FB10CB5D191CD2EF00D30C0C /* Base */ = {isa = PBXFileReference; lastKnownFileType = file.storyboard; name = Base; path = Base.lproj/Main.storyboard; sourceTree = "<group>"; };
		FB10CB62191CD2EF00D30C0C /* Images.xcassets */ = {isa = PBXFileReference; lastKnownFileType = folder.assetcatalog; path = Images.xcassets; sourceTree = "<group>"; };
		FB10CB68191CD2EF00D30C0C /* UITableView ChallengeTests.xctest */ = {isa = PBXFileReference; explicitFileType = wrapper.cfbundle; includeInIndex = 0; path = "UITableView ChallengeTests.xctest"; sourceTree = BUILT_PRODUCTS_DIR; };
		FB10CB69191CD2EF00D30C0C /* XCTest.framework */ = {isa = PBXFileReference; lastKnownFileType = wrapper.framework; name = XCTest.framework; path = Library/Frameworks/XCTest.framework; sourceTree = DEVELOPER_DIR; };
		FB10CB71191CD2EF00D30C0C /* UITableView ChallengeTests-Info.plist */ = {isa = PBXFileReference; lastKnownFileType = text.plist.xml; path = "UITableView ChallengeTests-Info.plist"; sourceTree = "<group>"; };
		FB10CB73191CD2EF00D30C0C /* en */ = {isa = PBXFileReference; lastKnownFileType = text.plist.strings; name = en; path = en.lproj/InfoPlist.strings; sourceTree = "<group>"; };
		FB10CB75191CD2EF00D30C0C /* UITableView_ChallengeTests.m */ = {isa = PBXFileReference; lastKnownFileType = sourcecode.c.objc; path = UITableView_ChallengeTests.m; sourceTree = "<group>"; };
		FB10CB7F191CD32400D30C0C /* DDTableViewChallengeController.h */ = {isa = PBXFileReference; fileEncoding = 4; lastKnownFileType = sourcecode.c.h; path = DDTableViewChallengeController.h; sourceTree = "<group>"; };
		FB10CB80191CD32400D30C0C /* DDTableViewChallengeController.m */ = {isa = PBXFileReference; fileEncoding = 4; lastKnownFileType = sourcecode.c.objc; path = DDTableViewChallengeController.m; sourceTree = "<group>"; };
/* End PBXFileReference section */

/* Begin PBXFrameworksBuildPhase section */
		FB10CB44191CD2EF00D30C0C /* Frameworks */ = {
			isa = PBXFrameworksBuildPhase;
			buildActionMask = 2147483647;
			files = (
				FB10CB4D191CD2EF00D30C0C /* CoreGraphics.framework in Frameworks */,
				FB10CB4F191CD2EF00D30C0C /* UIKit.framework in Frameworks */,
				FB10CB4B191CD2EF00D30C0C /* Foundation.framework in Frameworks */,
			);
			runOnlyForDeploymentPostprocessing = 0;
		};
		FB10CB65191CD2EF00D30C0C /* Frameworks */ = {
			isa = PBXFrameworksBuildPhase;
			buildActionMask = 2147483647;
			files = (
				FB10CB6A191CD2EF00D30C0C /* XCTest.framework in Frameworks */,
				FB10CB6C191CD2EF00D30C0C /* UIKit.framework in Frameworks */,
				FB10CB6B191CD2EF00D30C0C /* Foundation.framework in Frameworks */,
			);
			runOnlyForDeploymentPostprocessing = 0;
		};
/* End PBXFrameworksBuildPhase section */

/* Begin PBXGroup section */
		FB10CB3E191CD2EF00D30C0C = {
			isa = PBXGroup;
			children = (
				FB10CB50191CD2EF00D30C0C /* UITableView Challenge */,
				FB10CB6F191CD2EF00D30C0C /* UITableView ChallengeTests */,
				FB10CB49191CD2EF00D30C0C /* Frameworks */,
				FB10CB48191CD2EF00D30C0C /* Products */,
			);
			sourceTree = "<group>";
		};
		FB10CB48191CD2EF00D30C0C /* Products */ = {
			isa = PBXGroup;
			children = (
				FB10CB47191CD2EF00D30C0C /* UITableView Challenge.app */,
				FB10CB68191CD2EF00D30C0C /* UITableView ChallengeTests.xctest */,
			);
			name = Products;
			sourceTree = "<group>";
		};
		FB10CB49191CD2EF00D30C0C /* Frameworks */ = {
			isa = PBXGroup;
			children = (
				FB10CB4A191CD2EF00D30C0C /* Foundation.framework */,
				FB10CB4C191CD2EF00D30C0C /* CoreGraphics.framework */,
				FB10CB4E191CD2EF00D30C0C /* UIKit.framework */,
				FB10CB69191CD2EF00D30C0C /* XCTest.framework */,
			);
			name = Frameworks;
			sourceTree = "<group>";
		};
		FB10CB50191CD2EF00D30C0C /* UITableView Challenge */ = {
			isa = PBXGroup;
			children = (
				FB10CB59191CD2EF00D30C0C /* DDAppDelegate.h */,
				FB10CB5A191CD2EF00D30C0C /* DDAppDelegate.m */,
				FB10CB5C191CD2EF00D30C0C /* Main.storyboard */,
				FB10CB7F191CD32400D30C0C /* DDTableViewChallengeController.h */,
				FB10CB80191CD32400D30C0C /* DDTableViewChallengeController.m */,
				FB10CB62191CD2EF00D30C0C /* Images.xcassets */,
				FB10CB51191CD2EF00D30C0C /* Supporting Files */,
			);
			path = "UITableView Challenge";
			sourceTree = "<group>";
		};
		FB10CB51191CD2EF00D30C0C /* Supporting Files */ = {
			isa = PBXGroup;
			children = (
				FB10CB52191CD2EF00D30C0C /* UITableView Challenge-Info.plist */,
				FB10CB53191CD2EF00D30C0C /* InfoPlist.strings */,
				FB10CB56191CD2EF00D30C0C /* main.m */,
				FB10CB58191CD2EF00D30C0C /* UITableView Challenge-Prefix.pch */,
			);
			name = "Supporting Files";
			sourceTree = "<group>";
		};
		FB10CB6F191CD2EF00D30C0C /* UITableView ChallengeTests */ = {
			isa = PBXGroup;
			children = (
				FB10CB75191CD2EF00D30C0C /* UITableView_ChallengeTests.m */,
				FB10CB70191CD2EF00D30C0C /* Supporting Files */,
			);
			path = "UITableView ChallengeTests";
			sourceTree = "<group>";
		};
		FB10CB70191CD2EF00D30C0C /* Supporting Files */ = {
			isa = PBXGroup;
			children = (
				FB10CB71191CD2EF00D30C0C /* UITableView ChallengeTests-Info.plist */,
				FB10CB72191CD2EF00D30C0C /* InfoPlist.strings */,
			);
			name = "Supporting Files";
			sourceTree = "<group>";
		};
/* End PBXGroup section */

/* Begin PBXNativeTarget section */
		FB10CB46191CD2EF00D30C0C /* UITableView Challenge */ = {
			isa = PBXNativeTarget;
			buildConfigurationList = FB10CB79191CD2EF00D30C0C /* Build configuration list for PBXNativeTarget "UITableView Challenge" */;
			buildPhases = (
				FB10CB43191CD2EF00D30C0C /* Sources */,
				FB10CB44191CD2EF00D30C0C /* Frameworks */,
				FB10CB45191CD2EF00D30C0C /* Resources */,
			);
			buildRules = (
			);
			dependencies = (
			);
			name = "UITableView Challenge";
			productName = "UITableView Challenge";
			productReference = FB10CB47191CD2EF00D30C0C /* UITableView Challenge.app */;
			productType = "com.apple.product-type.application";
		};
		FB10CB67191CD2EF00D30C0C /* UITableView ChallengeTests */ = {
			isa = PBXNativeTarget;
			buildConfigurationList = FB10CB7C191CD2EF00D30C0C /* Build configuration list for PBXNativeTarget "UITableView ChallengeTests" */;
			buildPhases = (
				FB10CB64191CD2EF00D30C0C /* Sources */,
				FB10CB65191CD2EF00D30C0C /* Frameworks */,
				FB10CB66191CD2EF00D30C0C /* Resources */,
			);
			buildRules = (
			);
			dependencies = (
				FB10CB6E191CD2EF00D30C0C /* PBXTargetDependency */,
			);
			name = "UITableView ChallengeTests";
			productName = "UITableView ChallengeTests";
			productReference = FB10CB68191CD2EF00D30C0C /* UITableView ChallengeTests.xctest */;
			productType = "com.apple.product-type.bundle.unit-test";
		};
/* End PBXNativeTarget section */

/* Begin PBXProject section */
		FB10CB3F191CD2EF00D30C0C /* Project object */ = {
			isa = PBXProject;
			attributes = {
				CLASSPREFIX = DD;
				LastUpgradeCheck = 0510;
				ORGANIZATIONNAME = "Daniel Domit";
				TargetAttributes = {
					FB10CB67191CD2EF00D30C0C = {
						TestTargetID = FB10CB46191CD2EF00D30C0C;
					};
				};
			};
			buildConfigurationList = FB10CB42191CD2EF00D30C0C /* Build configuration list for PBXProject "UITableView Challenge" */;
			compatibilityVersion = "Xcode 3.2";
			developmentRegion = English;
			hasScannedForEncodings = 0;
			knownRegions = (
				en,
				Base,
			);
			mainGroup = FB10CB3E191CD2EF00D30C0C;
			productRefGroup = FB10CB48191CD2EF00D30C0C /* Products */;
			projectDirPath = "";
			projectRoot = "";
			targets = (
				FB10CB46191CD2EF00D30C0C /* UITableView Challenge */,
				FB10CB67191CD2EF00D30C0C /* UITableView ChallengeTests */,
			);
		};
/* End PBXProject section */

/* Begin PBXResourcesBuildPhase section */
		FB10CB45191CD2EF00D30C0C /* Resources */ = {
			isa = PBXResourcesBuildPhase;
			buildActionMask = 2147483647;
			files = (
				FB10CB63191CD2EF00D30C0C /* Images.xcassets in Resources */,
				FB10CB55191CD2EF00D30C0C /* InfoPlist.strings in Resources */,
				FB10CB5E191CD2EF00D30C0C /* Main.storyboard in Resources */,
			);
			runOnlyForDeploymentPostprocessing = 0;
		};
		FB10CB66191CD2EF00D30C0C /* Resources */ = {
			isa = PBXResourcesBuildPhase;
			buildActionMask = 2147483647;
			files = (
				FB10CB74191CD2EF00D30C0C /* InfoPlist.strings in Resources */,
			);
			runOnlyForDeploymentPostprocessing = 0;
		};
/* End PBXResourcesBuildPhase section */

/* Begin PBXSourcesBuildPhase section */
		FB10CB43191CD2EF00D30C0C /* Sources */ = {
			isa = PBXSourcesBuildPhase;
			buildActionMask = 2147483647;
			files = (
				FB10CB81191CD32400D30C0C /* DDTableViewChallengeController.m in Sources */,
				FB10CB5B191CD2EF00D30C0C /* DDAppDelegate.m in Sources */,
				FB10CB57191CD2EF00D30C0C /* main.m in Sources */,
			);
			runOnlyForDeploymentPostprocessing = 0;
		};
		FB10CB64191CD2EF00D30C0C /* Sources */ = {
			isa = PBXSourcesBuildPhase;
			buildActionMask = 2147483647;
			files = (
				FB10CB76191CD2EF00D30C0C /* UITableView_ChallengeTests.m in Sources */,
			);
			runOnlyForDeploymentPostprocessing = 0;
		};
/* End PBXSourcesBuildPhase section */

/* Begin PBXTargetDependency section */
		FB10CB6E191CD2EF00D30C0C /* PBXTargetDependency */ = {
			isa = PBXTargetDependency;
			target = FB10CB46191CD2EF00D30C0C /* UITableView Challenge */;
			targetProxy = FB10CB6D191CD2EF00D30C0C /* PBXContainerItemProxy */;
		};
/* End PBXTargetDependency section */

/* Begin PBXVariantGroup section */
		FB10CB53191CD2EF00D30C0C /* InfoPlist.strings */ = {
			isa = PBXVariantGroup;
			children = (
				FB10CB54191CD2EF00D30C0C /* en */,
			);
			name = InfoPlist.strings;
			sourceTree = "<group>";
		};
		FB10CB5C191CD2EF00D30C0C /* Main.storyboard */ = {
			isa = PBXVariantGroup;
			children = (
				FB10CB5D191CD2EF00D30C0C /* Base */,
			);
			name = Main.storyboard;
			sourceTree = "<group>";
		};
		FB10CB72191CD2EF00D30C0C /* InfoPlist.strings */ = {
			isa = PBXVariantGroup;
			children = (
				FB10CB73191CD2EF00D30C0C /* en */,
			);
			name = InfoPlist.strings;
			sourceTree = "<group>";
		};
/* End PBXVariantGroup section */

/* Begin XCBuildConfiguration section */
		FB10CB77191CD2EF00D30C0C /* Debug */ = {
			isa = XCBuildConfiguration;
			buildSettings = {
				ALWAYS_SEARCH_USER_PATHS = NO;
				CLANG_CXX_LANGUAGE_STANDARD = "gnu++0x";
				CLANG_CXX_LIBRARY = "libc++";
				CLANG_ENABLE_MODULES = YES;
				CLANG_ENABLE_OBJC_ARC = YES;
				CLANG_WARN_BOOL_CONVERSION = YES;
				CLANG_WARN_CONSTANT_CONVERSION = YES;
				CLANG_WARN_DIRECT_OBJC_ISA_USAGE = YES_ERROR;
				CLANG_WARN_EMPTY_BODY = YES;
				CLANG_WARN_ENUM_CONVERSION = YES;
				CLANG_WARN_INT_CONVERSION = YES;
				CLANG_WARN_OBJC_ROOT_CLASS = YES_ERROR;
				CLANG_WARN__DUPLICATE_METHOD_MATCH = YES;
				"CODE_SIGN_IDENTITY[sdk=iphoneos*]" = "iPhone Developer";
				COPY_PHASE_STRIP = NO;
				GCC_C_LANGUAGE_STANDARD = gnu99;
				GCC_DYNAMIC_NO_PIC = NO;
				GCC_OPTIMIZATION_LEVEL = 0;
				GCC_PREPROCESSOR_DEFINITIONS = (
					"DEBUG=1",
					"$(inherited)",
				);
				GCC_SYMBOLS_PRIVATE_EXTERN = NO;
				GCC_WARN_64_TO_32_BIT_CONVERSION = YES;
				GCC_WARN_ABOUT_RETURN_TYPE = YES_ERROR;
				GCC_WARN_UNDECLARED_SELECTOR = YES;
				GCC_WARN_UNINITIALIZED_AUTOS = YES_AGGRESSIVE;
				GCC_WARN_UNUSED_FUNCTION = YES;
				GCC_WARN_UNUSED_VARIABLE = YES;
				IPHONEOS_DEPLOYMENT_TARGET = 7.1;
				ONLY_ACTIVE_ARCH = YES;
				SDKROOT = iphoneos;
			};
			name = Debug;
		};
		FB10CB78191CD2EF00D30C0C /* Release */ = {
			isa = XCBuildConfiguration;
			buildSettings = {
				ALWAYS_SEARCH_USER_PATHS = NO;
				CLANG_CXX_LANGUAGE_STANDARD = "gnu++0x";
				CLANG_CXX_LIBRARY = "libc++";
				CLANG_ENABLE_MODULES = YES;
				CLANG_ENABLE_OBJC_ARC = YES;
				CLANG_WARN_BOOL_CONVERSION = YES;
				CLANG_WARN_CONSTANT_CONVERSION = YES;
				CLANG_WARN_DIRECT_OBJC_ISA_USAGE = YES_ERROR;
				CLANG_WARN_EMPTY_BODY = YES;
				CLANG_WARN_ENUM_CONVERSION = YES;
				CLANG_WARN_INT_CONVERSION = YES;
				CLANG_WARN_OBJC_ROOT_CLASS = YES_ERROR;
				CLANG_WARN__DUPLICATE_METHOD_MATCH = YES;
				"CODE_SIGN_IDENTITY[sdk=iphoneos*]" = "iPhone Developer";
				COPY_PHASE_STRIP = YES;
				ENABLE_NS_ASSERTIONS = NO;
				GCC_C_LANGUAGE_STANDARD = gnu99;
				GCC_WARN_64_TO_32_BIT_CONVERSION = YES;
				GCC_WARN_ABOUT_RETURN_TYPE = YES_ERROR;
				GCC_WARN_UNDECLARED_SELECTOR = YES;
				GCC_WARN_UNINITIALIZED_AUTOS = YES_AGGRESSIVE;
				GCC_WARN_UNUSED_FUNCTION = YES;
				GCC_WARN_UNUSED_VARIABLE = YES;
				IPHONEOS_DEPLOYMENT_TARGET = 7.1;
				SDKROOT = iphoneos;
				VALIDATE_PRODUCT = YES;
			};
			name = Release;
		};
		FB10CB7A191CD2EF00D30C0C /* Debug */ = {
			isa = XCBuildConfiguration;
			buildSettings = {
				ASSETCATALOG_COMPILER_APPICON_NAME = AppIcon;
				ASSETCATALOG_COMPILER_LAUNCHIMAGE_NAME = LaunchImage;
				GCC_PRECOMPILE_PREFIX_HEADER = YES;
				GCC_PREFIX_HEADER = "UITableView Challenge/UITableView Challenge-Prefix.pch";
				INFOPLIST_FILE = "UITableView Challenge/UITableView Challenge-Info.plist";
				PRODUCT_NAME = "$(TARGET_NAME)";
				WRAPPER_EXTENSION = app;
			};
			name = Debug;
		};
		FB10CB7B191CD2EF00D30C0C /* Release */ = {
			isa = XCBuildConfiguration;
			buildSettings = {
				ASSETCATALOG_COMPILER_APPICON_NAME = AppIcon;
				ASSETCATALOG_COMPILER_LAUNCHIMAGE_NAME = LaunchImage;
				GCC_PRECOMPILE_PREFIX_HEADER = YES;
				GCC_PREFIX_HEADER = "UITableView Challenge/UITableView Challenge-Prefix.pch";
				INFOPLIST_FILE = "UITableView Challenge/UITableView Challenge-Info.plist";
				PRODUCT_NAME = "$(TARGET_NAME)";
				WRAPPER_EXTENSION = app;
			};
			name = Release;
		};
		FB10CB7D191CD2EF00D30C0C /* Debug */ = {
			isa = XCBuildConfiguration;
			buildSettings = {
				BUNDLE_LOADER = "$(BUILT_PRODUCTS_DIR)/UITableView Challenge.app/UITableView Challenge";
				FRAMEWORK_SEARCH_PATHS = (
					"$(SDKROOT)/Developer/Library/Frameworks",
					"$(inherited)",
					"$(DEVELOPER_FRAMEWORKS_DIR)",
				);
				GCC_PRECOMPILE_PREFIX_HEADER = YES;
				GCC_PREFIX_HEADER = "UITableView Challenge/UITableView Challenge-Prefix.pch";
				GCC_PREPROCESSOR_DEFINITIONS = (
					"DEBUG=1",
					"$(inherited)",
				);
				INFOPLIST_FILE = "UITableView ChallengeTests/UITableView ChallengeTests-Info.plist";
				PRODUCT_NAME = "$(TARGET_NAME)";
				TEST_HOST = "$(BUNDLE_LOADER)";
				WRAPPER_EXTENSION = xctest;
			};
			name = Debug;
		};
		FB10CB7E191CD2EF00D30C0C /* Release */ = {
			isa = XCBuildConfiguration;
			buildSettings = {
				BUNDLE_LOADER = "$(BUILT_PRODUCTS_DIR)/UITableView Challenge.app/UITableView Challenge";
				FRAMEWORK_SEARCH_PATHS = (
					"$(SDKROOT)/Developer/Library/Frameworks",
					"$(inherited)",
					"$(DEVELOPER_FRAMEWORKS_DIR)",
				);
				GCC_PRECOMPILE_PREFIX_HEADER = YES;
				GCC_PREFIX_HEADER = "UITableView Challenge/UITableView Challenge-Prefix.pch";
				INFOPLIST_FILE = "UITableView ChallengeTests/UITableView ChallengeTests-Info.plist";
				PRODUCT_NAME = "$(TARGET_NAME)";
				TEST_HOST = "$(BUNDLE_LOADER)";
				WRAPPER_EXTENSION = xctest;
			};
			name = Release;
		};
/* End XCBuildConfiguration section */

/* Begin XCConfigurationList section */
		FB10CB42191CD2EF00D30C0C /* Build configuration list for PBXProject "UITableView Challenge" */ = {
			isa = XCConfigurationList;
			buildConfigurations = (
				FB10CB77191CD2EF00D30C0C /* Debug */,
				FB10CB78191CD2EF00D30C0C /* Release */,
			);
			defaultConfigurationIsVisible = 0;
			defaultConfigurationName = Release;
		};
		FB10CB79191CD2EF00D30C0C /* Build configuration list for PBXNativeTarget "UITableView Challenge" */ = {
			isa = XCConfigurationList;
			buildConfigurations = (
				FB10CB7A191CD2EF00D30C0C /* Debug */,
				FB10CB7B191CD2EF00D30C0C /* Release */,
			);
			defaultConfigurationIsVisible = 0;
		};
		FB10CB7C191CD2EF00D30C0C /* Build configuration list for PBXNativeTarget "UITableView ChallengeTests" */ = {
			isa = XCConfigurationList;
			buildConfigurations = (
				FB10CB7D191CD2EF00D30C0C /* Debug */,
				FB10CB7E191CD2EF00D30C0C /* Release */,
			);
			defaultConfigurationIsVisible = 0;
		};
/* End XCConfigurationList section */
	};
	rootObject = FB10CB3F191CD2EF00D30C0C /* Project object */;
}
